// !$*UTF8*$!
{
	archiveVersion = 1;
	classes = {
	};
	objectVersion = 50;
	objects = {

/* Begin PBXBuildFile section */
		22078692230A1A0C0081C438 /* TrainerAI.cpp in Sources */ = {isa = PBXBuildFile; fileRef = 22078690230A1A0C0081C438 /* TrainerAI.cpp */; };
		220C404622CA4B2100A41A38 /* GUI.cpp in Sources */ = {isa = PBXBuildFile; fileRef = 220C404422CA4B2100A41A38 /* GUI.cpp */; };
		221EED5522BF01AB00ECDB0B /* CMakeLists.txt in Resources */ = {isa = PBXBuildFile; fileRef = 221EED5022BF01AB00ECDB0B /* CMakeLists.txt */; };
		221EED5722BF01AB00ECDB0B /* Piece.cpp in Sources */ = {isa = PBXBuildFile; fileRef = 221EED5322BF01AB00ECDB0B /* Piece.cpp */; };
		221EED5A22BF0B4000ECDB0B /* PieceFactory.cpp in Sources */ = {isa = PBXBuildFile; fileRef = 221EED5922BF0B4000ECDB0B /* PieceFactory.cpp */; };
		221EED5D22BFEDA800ECDB0B /* Pile.cpp in Sources */ = {isa = PBXBuildFile; fileRef = 221EED5B22BFEDA800ECDB0B /* Pile.cpp */; };
		221EED6022C02F5900ECDB0B /* Boardgame.cpp in Sources */ = {isa = PBXBuildFile; fileRef = 221EED5E22C02F5900ECDB0B /* Boardgame.cpp */; };
		221EED6322C0405500ECDB0B /* Observ.cpp in Sources */ = {isa = PBXBuildFile; fileRef = 221EED6122C0405500ECDB0B /* Observ.cpp */; };
		2266B8CF22CA8E3D002BB856 /* main.cpp in Sources */ = {isa = PBXBuildFile; fileRef = 2266B8CE22CA8E3D002BB856 /* main.cpp */; };
		227D7A3A22E3F4B400461959 /* Inconsolata-Regular.ttf in Resources */ = {isa = PBXBuildFile; fileRef = 227D7A3922E3F4B400461959 /* Inconsolata-Regular.ttf */; };
		227D7A3F22E6236800461959 /* GameAI.cpp in Sources */ = {isa = PBXBuildFile; fileRef = 227D7A3D22E6236800461959 /* GameAI.cpp */; };
		22F2A48E22FF93DC00F7F57F /* NeuralNet.cpp in Sources */ = {isa = PBXBuildFile; fileRef = 22F2A48C22FF93DC00F7F57F /* NeuralNet.cpp */; };
		22F2A4962300881D00F7F57F /* GeneticAlgorithm.cpp in Sources */ = {isa = PBXBuildFile; fileRef = 22F2A4942300881D00F7F57F /* GeneticAlgorithm.cpp */; };
/* End PBXBuildFile section */

/* Begin PBXCopyFilesBuildPhase section */
		227D7A3722E3F45400461959 /* CopyFiles */ = {
			isa = PBXCopyFilesBuildPhase;
			buildActionMask = 2147483647;
			dstPath = "";
			dstSubfolderSpec = 7;
			files = (
			);
			runOnlyForDeploymentPostprocessing = 0;
		};
/* End PBXCopyFilesBuildPhase section */

/* Begin PBXFileReference section */
		22078690230A1A0C0081C438 /* TrainerAI.cpp */ = {isa = PBXFileReference; lastKnownFileType = sourcecode.cpp.cpp; path = TrainerAI.cpp; sourceTree = "<group>"; };
		22078691230A1A0C0081C438 /* TrainerAI.hpp */ = {isa = PBXFileReference; lastKnownFileType = sourcecode.cpp.h; path = TrainerAI.hpp; sourceTree = "<group>"; };
		220C404422CA4B2100A41A38 /* GUI.cpp */ = {isa = PBXFileReference; lastKnownFileType = sourcecode.cpp.cpp; path = GUI.cpp; sourceTree = "<group>"; };
		220C404822CA506700A41A38 /* Library */ = {isa = PBXFileReference; lastKnownFileType = folder; name = Library; path = ../../../../../Library; sourceTree = "<group>"; };
		221EED5022BF01AB00ECDB0B /* CMakeLists.txt */ = {isa = PBXFileReference; fileEncoding = 4; lastKnownFileType = text; path = CMakeLists.txt; sourceTree = "<group>"; };
		221EED5122BF01AB00ECDB0B /* Piece.h */ = {isa = PBXFileReference; fileEncoding = 4; lastKnownFileType = sourcecode.c.h; path = Piece.h; sourceTree = "<group>"; };
		221EED5322BF01AB00ECDB0B /* Piece.cpp */ = {isa = PBXFileReference; fileEncoding = 4; lastKnownFileType = sourcecode.cpp.cpp; path = Piece.cpp; sourceTree = "<group>"; };
		221EED5822BF067000ECDB0B /* PieceFactory.h */ = {isa = PBXFileReference; lastKnownFileType = sourcecode.c.h; path = PieceFactory.h; sourceTree = "<group>"; };
		221EED5922BF0B4000ECDB0B /* PieceFactory.cpp */ = {isa = PBXFileReference; lastKnownFileType = sourcecode.cpp.cpp; path = PieceFactory.cpp; sourceTree = "<group>"; };
		221EED5B22BFEDA800ECDB0B /* Pile.cpp */ = {isa = PBXFileReference; lastKnownFileType = sourcecode.cpp.cpp; path = Pile.cpp; sourceTree = "<group>"; };
		221EED5C22BFEDA800ECDB0B /* Pile.hpp */ = {isa = PBXFileReference; lastKnownFileType = sourcecode.cpp.h; path = Pile.hpp; sourceTree = "<group>"; };
		221EED5E22C02F5900ECDB0B /* Boardgame.cpp */ = {isa = PBXFileReference; lastKnownFileType = sourcecode.cpp.cpp; path = Boardgame.cpp; sourceTree = "<group>"; };
		221EED5F22C02F5900ECDB0B /* Boardgame.hpp */ = {isa = PBXFileReference; lastKnownFileType = sourcecode.cpp.h; path = Boardgame.hpp; sourceTree = "<group>"; };
		221EED6122C0405500ECDB0B /* Observ.cpp */ = {isa = PBXFileReference; lastKnownFileType = sourcecode.cpp.cpp; path = Observ.cpp; sourceTree = "<group>"; };
		221EED6222C0405500ECDB0B /* Observ.hpp */ = {isa = PBXFileReference; lastKnownFileType = sourcecode.cpp.h; path = Observ.hpp; sourceTree = "<group>"; };
		2262304A22AB0ABE00E98B43 /* Tetris.app */ = {isa = PBXFileReference; explicitFileType = wrapper.application; includeInIndex = 0; path = Tetris.app; sourceTree = BUILT_PRODUCTS_DIR; };
		2262304E22AB0ABE00E98B43 /* Tetris-Info.plist */ = {isa = PBXFileReference; lastKnownFileType = text.plist.xml; path = "Tetris-Info.plist"; sourceTree = "<group>"; };
		2266B8CD22CA8C77002BB856 /* GUI.h */ = {isa = PBXFileReference; fileEncoding = 4; lastKnownFileType = sourcecode.c.h; path = GUI.h; sourceTree = "<group>"; };
		2266B8CE22CA8E3D002BB856 /* main.cpp */ = {isa = PBXFileReference; fileEncoding = 4; lastKnownFileType = sourcecode.cpp.cpp; path = main.cpp; sourceTree = "<group>"; };
		2266B8D422CB970F002BB856 /* QTKit.framework */ = {isa = PBXFileReference; lastKnownFileType = wrapper.framework; name = QTKit.framework; path = System/Library/Frameworks/QTKit.framework; sourceTree = SDKROOT; };
		2267D30422D29A2300DEFAE0 /* Frameworks */ = {isa = PBXFileReference; lastKnownFileType = folder; name = Frameworks; path = ../../../../../System/Library/Frameworks; sourceTree = "<group>"; };
		2267D30622D29AC000DEFAE0 /* SDL2.framework */ = {isa = PBXFileReference; lastKnownFileType = wrapper.framework; name = SDL2.framework; path = ../../../../../Library/Frameworks/SDL2.framework; sourceTree = "<group>"; };
		227D7A3922E3F4B400461959 /* Inconsolata-Regular.ttf */ = {isa = PBXFileReference; lastKnownFileType = file; path = "Inconsolata-Regular.ttf"; sourceTree = "<group>"; };
		227D7A3D22E6236800461959 /* GameAI.cpp */ = {isa = PBXFileReference; lastKnownFileType = sourcecode.cpp.cpp; path = GameAI.cpp; sourceTree = "<group>"; };
		227D7A3E22E6236800461959 /* GameAI.hpp */ = {isa = PBXFileReference; lastKnownFileType = sourcecode.cpp.h; path = GameAI.hpp; sourceTree = "<group>"; };
		22F2A48C22FF93DC00F7F57F /* NeuralNet.cpp */ = {isa = PBXFileReference; lastKnownFileType = sourcecode.cpp.cpp; path = NeuralNet.cpp; sourceTree = "<group>"; };
		22F2A48D22FF93DC00F7F57F /* NeuralNet.hpp */ = {isa = PBXFileReference; lastKnownFileType = sourcecode.cpp.h; path = NeuralNet.hpp; sourceTree = "<group>"; };
		22F2A49222FF942D00F7F57F /* utils.hpp */ = {isa = PBXFileReference; lastKnownFileType = sourcecode.cpp.h; path = utils.hpp; sourceTree = "<group>"; };
		22F2A4942300881D00F7F57F /* GeneticAlgorithm.cpp */ = {isa = PBXFileReference; lastKnownFileType = sourcecode.cpp.cpp; path = GeneticAlgorithm.cpp; sourceTree = "<group>"; };
		22F2A4952300881D00F7F57F /* GeneticAlgorithm.hpp */ = {isa = PBXFileReference; lastKnownFileType = sourcecode.cpp.h; path = GeneticAlgorithm.hpp; sourceTree = "<group>"; };
/* End PBXFileReference section */

/* Begin PBXFrameworksBuildPhase section */
		2262304622AB0ABE00E98B43 /* Frameworks */ = {
			isa = PBXFrameworksBuildPhase;
			buildActionMask = 2147483647;
			files = (
			);
			runOnlyForDeploymentPostprocessing = 0;
		};
/* End PBXFrameworksBuildPhase section */

/* Begin PBXGroup section */
		220C404722CA506600A41A38 /* Frameworks */ = {
			isa = PBXGroup;
			children = (
				2267D30622D29AC000DEFAE0 /* SDL2.framework */,
				2267D30422D29A2300DEFAE0 /* Frameworks */,
				2266B8D422CB970F002BB856 /* QTKit.framework */,
				220C404822CA506700A41A38 /* Library */,
			);
			name = Frameworks;
			sourceTree = "<group>";
		};
		2262304022AB0ABE00E98B43 = {
			isa = PBXGroup;
			children = (
				2262304C22AB0ABE00E98B43 /* Tetris */,
				2262304B22AB0ABE00E98B43 /* Products */,
				220C404722CA506600A41A38 /* Frameworks */,
			);
			sourceTree = "<group>";
		};
		2262304B22AB0ABE00E98B43 /* Products */ = {
			isa = PBXGroup;
			children = (
				2262304A22AB0ABE00E98B43 /* Tetris.app */,
			);
			name = Products;
			sourceTree = "<group>";
		};
		2262304C22AB0ABE00E98B43 /* Tetris */ = {
			isa = PBXGroup;
			children = (
				22F2A49222FF942D00F7F57F /* utils.hpp */,
				227D7A3922E3F4B400461959 /* Inconsolata-Regular.ttf */,
				227D7A3822E3F4B400461959 /* font */,
				2266B8CE22CA8E3D002BB856 /* main.cpp */,
				2266B8CD22CA8C77002BB856 /* GUI.h */,
				220C404422CA4B2100A41A38 /* GUI.cpp */,
				221EED5022BF01AB00ECDB0B /* CMakeLists.txt */,
				221EED5322BF01AB00ECDB0B /* Piece.cpp */,
				221EED5122BF01AB00ECDB0B /* Piece.h */,
				221EED5822BF067000ECDB0B /* PieceFactory.h */,
				221EED5922BF0B4000ECDB0B /* PieceFactory.cpp */,
				221EED5B22BFEDA800ECDB0B /* Pile.cpp */,
				221EED5C22BFEDA800ECDB0B /* Pile.hpp */,
				2262304D22AB0ABE00E98B43 /* Supporting Files */,
				221EED5E22C02F5900ECDB0B /* Boardgame.cpp */,
				221EED5F22C02F5900ECDB0B /* Boardgame.hpp */,
				221EED6122C0405500ECDB0B /* Observ.cpp */,
				221EED6222C0405500ECDB0B /* Observ.hpp */,
				227D7A3D22E6236800461959 /* GameAI.cpp */,
				227D7A3E22E6236800461959 /* GameAI.hpp */,
				22F2A48C22FF93DC00F7F57F /* NeuralNet.cpp */,
				22F2A48D22FF93DC00F7F57F /* NeuralNet.hpp */,
				22F2A4942300881D00F7F57F /* GeneticAlgorithm.cpp */,
				22F2A4952300881D00F7F57F /* GeneticAlgorithm.hpp */,
				22078690230A1A0C0081C438 /* TrainerAI.cpp */,
				22078691230A1A0C0081C438 /* TrainerAI.hpp */,
			);
			path = Tetris;
			sourceTree = "<group>";
		};
		2262304D22AB0ABE00E98B43 /* Supporting Files */ = {
			isa = PBXGroup;
			children = (
				2262304E22AB0ABE00E98B43 /* Tetris-Info.plist */,
			);
			name = "Supporting Files";
			sourceTree = "<group>";
		};
		227D7A3822E3F4B400461959 /* font */ = {
			isa = PBXGroup;
			children = (
			);
			path = font;
			sourceTree = "<group>";
		};
/* End PBXGroup section */

/* Begin PBXNativeTarget section */
		2262304922AB0ABE00E98B43 /* Tetris */ = {
			isa = PBXNativeTarget;
			buildConfigurationList = 2262305F22AB0ABE00E98B43 /* Build configuration list for PBXNativeTarget "Tetris" */;
			buildPhases = (
				2262304522AB0ABE00E98B43 /* Sources */,
				2262304622AB0ABE00E98B43 /* Frameworks */,
				2262304722AB0ABE00E98B43 /* Resources */,
				2262304822AB0ABE00E98B43 /* ShellScript */,
				227D7A3722E3F45400461959 /* CopyFiles */,
			);
			buildRules = (
			);
			dependencies = (
			);
			name = Tetris;
			productName = Tetris;
			productReference = 2262304A22AB0ABE00E98B43 /* Tetris.app */;
			productType = "com.apple.product-type.application";
		};
/* End PBXNativeTarget section */

/* Begin PBXProject section */
		2262304122AB0ABE00E98B43 /* Project object */ = {
			isa = PBXProject;
			attributes = {
				LastUpgradeCheck = 1020;
				ORGANIZATIONNAME = "Tran Sam";
				TargetAttributes = {
					2262304922AB0ABE00E98B43 = {
						CreatedOnToolsVersion = 10.2.1;
					};
				};
			};
			buildConfigurationList = 2262304422AB0ABE00E98B43 /* Build configuration list for PBXProject "Tetris" */;
			compatibilityVersion = "Xcode 9.3";
			developmentRegion = en;
			hasScannedForEncodings = 0;
			knownRegions = (
				en,
			);
			mainGroup = 2262304022AB0ABE00E98B43;
			productRefGroup = 2262304B22AB0ABE00E98B43 /* Products */;
			projectDirPath = "";
			projectRoot = "";
			targets = (
				2262304922AB0ABE00E98B43 /* Tetris */,
			);
		};
/* End PBXProject section */

/* Begin PBXResourcesBuildPhase section */
		2262304722AB0ABE00E98B43 /* Resources */ = {
			isa = PBXResourcesBuildPhase;
			buildActionMask = 2147483647;
			files = (
				221EED5522BF01AB00ECDB0B /* CMakeLists.txt in Resources */,
				227D7A3A22E3F4B400461959 /* Inconsolata-Regular.ttf in Resources */,
			);
			runOnlyForDeploymentPostprocessing = 0;
		};
/* End PBXResourcesBuildPhase section */

/* Begin PBXShellScriptBuildPhase section */
		2262304822AB0ABE00E98B43 /* ShellScript */ = {
			isa = PBXShellScriptBuildPhase;
			buildActionMask = 8;
			files = (
			);
			inputFileListPaths = (
			);
			inputPaths = (
			);
			outputFileListPaths = (
			);
			outputPaths = (
			);
			runOnlyForDeploymentPostprocessing = 1;
			shellPath = /bin/sh;
			shellScript = "# This shell script simply copies required SFML dylibs/frameworks into the application bundle frameworks folder.\n# If you're using static libraries (which is not recommended) you should remove this script from your project.\n\n# SETTINGS\nSFML_DEPENDENCIES_INSTALL_PREFIX=\"/Users/SFML/Desktop/packaging/tmp/install/Library/Frameworks\"\nCMAKE_INSTALL_FRAMEWORK_PREFIX=\"/Users/SFML/Desktop/packaging/tmp/install/Library/Frameworks\"\nCMAKE_INSTALL_LIB_PREFIX=\"/Users/SFML/Desktop/packaging/tmp/install/Library/Frameworks/lib\"\nFRAMEWORKS_FULL_PATH=\"$BUILT_PRODUCTS_DIR/$FRAMEWORKS_FOLDER_PATH/\"\n\n# Are we building a project that uses frameworks or dylibs?\ncase \"$SFML_BINARY_TYPE\" in\n    DYLIBS)\n        frameworks=\"false\"\n        ;;\n    *)\n        frameworks=\"true\"\n        ;;\nesac\n\n# Echoes to stderr\nerror () # $* message to display\n{\n    echo $* 1>&2\n    exit 2\n}\n\nassert () # $1 is a boolean, $2...N is an error message\n{\n    if [ $# -lt 2 ]\n    then\n        error \"Internal error in assert: not enough args\"\n    fi\n\n    if [ $1 -ne 0 ]\n    then\n        shift\n        error \"$*\"\n    fi\n}\n\nforce_remove () # $@ is some paths\n{\n    test $# -ge 1\n    assert $? \"force_remove() requires at least one parameter\"\n    rm -fr $@\n    assert $? \"couldn't remove $@\"\n}\n\ncopy () # $1 is a source, $2 is a destination\n{\n    test $# -eq 2\n    assert $? \"copy() requires two parameters\"\n    ditto \"$1\" \"$2\"\n    assert $? \"couldn't copy $1 to $2\"\n}\n\nrequire () # $1 is a SFML module like 'system' or 'audio'\n{\n    dest=\"$BUILT_PRODUCTS_DIR/$FRAMEWORKS_FOLDER_PATH/\"\n\n    if [ -z \"$1\" ]\n    then\n        error \"require() requires one parameter!\"\n    else\n        # clean potentially old stuff\n        force_remove \"$dest/libsfml-$1\"*\n        force_remove \"$dest/sfml-$1.framework\"\n\n        # copy SFML libraries\n        if [ \"$frameworks\" = \"true\" ]\n        then\n            source=\"$CMAKE_INSTALL_FRAMEWORK_PREFIX/sfml-$1.framework\"\n            target=\"sfml-$1.framework\"\n        elif [ \"$SFML_LINK_DYLIBS_SUFFIX\" = \"-d\" ]\n        then\n            source=\"$CMAKE_INSTALL_LIB_PREFIX/libsfml-$1-d.dylib\"\n            target=\"`readlink $source`\"\n        else\n            source=\"$CMAKE_INSTALL_LIB_PREFIX/libsfml-$1.dylib\"\n            target=\"`readlink $source`\"\n        fi\n\n        copy \"$source\" \"$dest/$target\"\n\n        # copy extra dependencies\n        if [ \"$1\" = \"audio\" ]\n        then\n            # copy \"FLAC\" \"ogg\" \"vorbis\" \"vorbisenc\" \"vorbisfile\" \"OpenAL\" frameworks too\n            for f in \"FLAC\" \"ogg\" \"vorbis\" \"vorbisenc\" \"vorbisfile\" \"OpenAL\"\n            do\n                copy \"$SFML_DEPENDENCIES_INSTALL_PREFIX/$f.framework\" \"$dest/$f.framework\"\n            done\n        elif [ \"$1\" = \"graphics\" ]\n        then\n            copy \"$SFML_DEPENDENCIES_INSTALL_PREFIX/freetype.framework\" \"$dest/freetype.framework\"\n        fi\n    fi\n}\n\nif [ -n \"$SFML_SYSTEM\" ]\nthen\n    require \"system\"\nfi\n\nif [ -n \"$SFML_AUDIO\" ]\nthen\n    require \"audio\"\nfi\n\nif [ -n \"$SFML_NETWORK\" ]\nthen\n    require \"network\"\nfi\n\nif [ -n \"$SFML_WINDOW\" ]\nthen\n    require \"window\"\nfi\n\nif [ -n \"$SFML_GRAPHICS\" ]\nthen\n    require \"graphics\"\nfi\n\n                \n";
		};
/* End PBXShellScriptBuildPhase section */

/* Begin PBXSourcesBuildPhase section */
		2262304522AB0ABE00E98B43 /* Sources */ = {
			isa = PBXSourcesBuildPhase;
			buildActionMask = 2147483647;
			files = (
				221EED6322C0405500ECDB0B /* Observ.cpp in Sources */,
				22078692230A1A0C0081C438 /* TrainerAI.cpp in Sources */,
				22F2A4962300881D00F7F57F /* GeneticAlgorithm.cpp in Sources */,
				221EED5722BF01AB00ECDB0B /* Piece.cpp in Sources */,
				2266B8CF22CA8E3D002BB856 /* main.cpp in Sources */,
				221EED5A22BF0B4000ECDB0B /* PieceFactory.cpp in Sources */,
				220C404622CA4B2100A41A38 /* GUI.cpp in Sources */,
				221EED6022C02F5900ECDB0B /* Boardgame.cpp in Sources */,
				22F2A48E22FF93DC00F7F57F /* NeuralNet.cpp in Sources */,
				221EED5D22BFEDA800ECDB0B /* Pile.cpp in Sources */,
				227D7A3F22E6236800461959 /* GameAI.cpp in Sources */,
			);
			runOnlyForDeploymentPostprocessing = 0;
		};
/* End PBXSourcesBuildPhase section */

/* Begin XCBuildConfiguration section */
		2262305D22AB0ABE00E98B43 /* Debug */ = {
			isa = XCBuildConfiguration;
			buildSettings = {
				ALWAYS_SEARCH_USER_PATHS = NO;
				ARCHS = "$(NATIVE_ARCH_ACTUAL)";
				CLANG_CXX_LANGUAGE_STANDARD = "c++0x";
				CLANG_CXX_LIBRARY = "libc++";
				FRAMEWORK_SEARCH_PATHS = "";
				GCC_VERSION = "";
				HEADER_SEARCH_PATHS = /usr/local/include/;
				LIBRARY_SEARCH_PATHS = /usr/local/lib/;
				MACOSX_DEPLOYMENT_TARGET = 10.7;
				OTHER_LDFLAGS = (
					"-lsimple2d",
					"-I/usr/local/include/SDL2",
					"-D_THREAD_SAFE",
					"-L/usr/local/lib",
					"-lSDL2",
					"-Wl,-framework,OpenGL",
					"-lSDL2_image",
					"-lSDL2_mixer",
					"-lSDL2_ttf",
				);
				SUPPORTED_PLATFORMS = macosx;
				USER_HEADER_SEARCH_PATHS = "";
			};
			name = Debug;
		};
		2262305E22AB0ABE00E98B43 /* Release */ = {
			isa = XCBuildConfiguration;
			buildSettings = {
				ALWAYS_SEARCH_USER_PATHS = NO;
				ARCHS = "$(NATIVE_ARCH_ACTUAL)";
				CLANG_CXX_LANGUAGE_STANDARD = "c++0x";
				CLANG_CXX_LIBRARY = "libc++";
				FRAMEWORK_SEARCH_PATHS = "";
				GCC_VERSION = "";
				HEADER_SEARCH_PATHS = /usr/local/include/;
				LIBRARY_SEARCH_PATHS = /usr/local/lib/;
				MACOSX_DEPLOYMENT_TARGET = 10.7;
				OTHER_LDFLAGS = (
					"-lsimple2d",
					"-I/usr/local/include/SDL2",
					"-D_THREAD_SAFE\n-L/usr/local/lib",
					"-lSDL2",
					"-Wl,-framework,OpenGL",
					"-lSDL2_image",
					"-lSDL2_mixer",
					"-lSDL2_ttf",
				);
				SUPPORTED_PLATFORMS = macosx;
				USER_HEADER_SEARCH_PATHS = "";
			};
			name = Release;
		};
		2262306022AB0ABE00E98B43 /* Debug */ = {
			isa = XCBuildConfiguration;
			buildSettings = {
				CODE_SIGN_IDENTITY = "Mac Developer";
				CODE_SIGN_STYLE = Automatic;
				DEVELOPMENT_TEAM = NCYPEHY28G;
				FRAMEWORK_SEARCH_PATHS = (
					"$(inherited)",
					"$(LOCAL_LIBRARY_DIR)/Frameworks",
				);
				HEADER_SEARCH_PATHS = (
					/usr/local/include/,
					"$(inherited)",
					/usr/local/Cellar/simple2d/1.1.0/include,
				);
				INFOPLIST_FILE = "Tetris/Tetris-Info.plist";
				LD_RUNPATH_SEARCH_PATHS = "@loader_path/../Frameworks";
				OTHER_LDFLAGS = (
					"-lsimple2d",
					"-I/usr/local/include/SDL2",
					"-D_THREAD_SAFE",
					"-L/usr/local/lib",
					"-lSDL2",
					"-Wl,-framework,OpenGL",
					"-lSDL2_image",
					"-lSDL2_mixer",
					"-lSDL2_ttf",
				);
				"OTHER_LDFLAGS[arch=*]" = (
					"-lsimple2d",
					"-I/usr/local/include/SDL2",
					"-D_THREAD_SAFE",
					"-L/usr/local/lib",
					"-lSDL2",
					"-Wl,-framework,OpenGL",
					"-lSDL2_image",
					"-lSDL2_mixer",
					"-lSDL2_ttf",
				);
				PRODUCT_NAME = "$(TARGET_NAME)";
				PROVISIONING_PROFILE_SPECIFIER = "";
			};
			name = Debug;
		};
		2262306122AB0ABE00E98B43 /* Release */ = {
			isa = XCBuildConfiguration;
			buildSettings = {
				CODE_SIGN_IDENTITY = "Mac Developer";
				CODE_SIGN_STYLE = Automatic;
				DEVELOPMENT_TEAM = NCYPEHY28G;
				FRAMEWORK_SEARCH_PATHS = (
					"$(inherited)",
					"$(LOCAL_LIBRARY_DIR)/Frameworks",
				);
				HEADER_SEARCH_PATHS = (
					/usr/local/include/,
					"$(inherited)",
					/usr/local/Cellar/simple2d/1.1.0/include,
				);
				INFOPLIST_FILE = "Tetris/Tetris-Info.plist";
				LD_RUNPATH_SEARCH_PATHS = "@loader_path/../Frameworks";
				OTHER_LDFLAGS = (
					"-lsimple2d",
					"-I/usr/local/include/SDL2",
					"-D_THREAD_SAFE",
					"-L/usr/local/lib",
					"-lSDL2",
					"-Wl,-framework,OpenGL",
					"-lSDL2_image",
					"-lSDL2_mixer",
					"-lSDL2_ttf",
				);
				"OTHER_LDFLAGS[arch=*]" = (
					"-lsimple2d",
					"-I/usr/local/include/SDL2",
					"-D_THREAD_SAFE",
					"-L/usr/local/lib",
					"-lSDL2",
					"-Wl,-framework,OpenGL",
					"-lSDL2_image",
					"-lSDL2_mixer",
					"-lSDL2_ttf",
				);
				PRODUCT_NAME = "$(TARGET_NAME)";
				PROVISIONING_PROFILE_SPECIFIER = "";
			};
			name = Release;
		};
/* End XCBuildConfiguration section */

/* Begin XCConfigurationList section */
		2262304422AB0ABE00E98B43 /* Build configuration list for PBXProject "Tetris" */ = {
			isa = XCConfigurationList;
			buildConfigurations = (
				2262305D22AB0ABE00E98B43 /* Debug */,
				2262305E22AB0ABE00E98B43 /* Release */,
			);
			defaultConfigurationIsVisible = 0;
			defaultConfigurationName = Release;
		};
		2262305F22AB0ABE00E98B43 /* Build configuration list for PBXNativeTarget "Tetris" */ = {
			isa = XCConfigurationList;
			buildConfigurations = (
				2262306022AB0ABE00E98B43 /* Debug */,
				2262306122AB0ABE00E98B43 /* Release */,
			);
			defaultConfigurationIsVisible = 0;
			defaultConfigurationName = Release;
		};
/* End XCConfigurationList section */
	};
	rootObject = 2262304122AB0ABE00E98B43 /* Project object */;
}
